
Microsoft Visual Studio Solution File, Format Version 12.00
# Visual Studio Version 17
VisualStudioVersion = 17.13.35913.81 d17.13
MinimumVisualStudioVersion = 10.0.40219.1
Project("{FAE04EC0-301F-11D3-BF4B-00C04F79EFBC}") = "MongoDemo", "MongoDemo\MongoDemo.csproj", "{83FFE120-BBAD-4926-80A4-9B88F5ADB2C8}"
EndProject
Global
	GlobalSection(SolutionConfigurationPlatforms) = preSolution
		Debug|Any CPU = Debug|Any CPU
		Release|Any CPU = Release|Any CPU
	EndGlobalSection
	GlobalSection(ProjectConfigurationPlatforms) = postSolution
		{83FFE120-BBAD-4926-80A4-9B88F5ADB2C8}.Debug|Any CPU.ActiveCfg = Debug|Any CPU
		{83FFE120-BBAD-4926-80A4-9B88F5ADB2C8}.Debug|Any CPU.Build.0 = Debug|Any CPU
		{83FFE120-BBAD-4926-80A4-9B88F5ADB2C8}.Release|Any CPU.ActiveCfg = Release|Any CPU
		{83FFE120-BBAD-4926-80A4-9B88F5ADB2C8}.Release|Any CPU.Build.0 = Release|Any CPU
	EndGlobalSection
	GlobalSection(SolutionProperties) = preSolution
		HideSolutionNode = FALSE
	EndGlobalSection
	GlobalSection(ExtensibilityGlobals) = postSolution
		SolutionGuid = {28FBD4B0-B911-4D7C-97A1-83E58FF1E7D0}
	EndGlobalSection
EndGlobal
